// !$*UTF8*$!
{
	archiveVersion = 1;
	classes = {
	};
	objectVersion = 46;
	objects = {

/* Begin PBXBuildFile section */
		0315D7A91B5CB53500656F85 /* RadioOption.swift in Sources */ = {isa = PBXBuildFile; fileRef = 0315D7A81B5CB53500656F85 /* RadioOption.swift */; };
		038A6CA91B521889004A0034 /* AppDelegate.swift in Sources */ = {isa = PBXBuildFile; fileRef = 038A6CA81B521889004A0034 /* AppDelegate.swift */; };
		038A6CAB1B521889004A0034 /* FoodFeedController.swift in Sources */ = {isa = PBXBuildFile; fileRef = 038A6CAA1B521889004A0034 /* FoodFeedController.swift */; };
		038A6CAE1B521889004A0034 /* Main.storyboard in Resources */ = {isa = PBXBuildFile; fileRef = 038A6CAC1B521889004A0034 /* Main.storyboard */; };
		038A6CB01B521889004A0034 /* Images.xcassets in Resources */ = {isa = PBXBuildFile; fileRef = 038A6CAF1B521889004A0034 /* Images.xcassets */; };
		038A6CB31B521889004A0034 /* LaunchScreen.xib in Resources */ = {isa = PBXBuildFile; fileRef = 038A6CB11B521889004A0034 /* LaunchScreen.xib */; };
		038A6CBF1B521889004A0034 /* chakulaTests.swift in Sources */ = {isa = PBXBuildFile; fileRef = 038A6CBE1B521889004A0034 /* chakulaTests.swift */; };
		038A6CC91B53571E004A0034 /* FeedAPIController.swift in Sources */ = {isa = PBXBuildFile; fileRef = 038A6CC81B53571D004A0034 /* FeedAPIController.swift */; };
		038A6CCB1B53920E004A0034 /* pacman.png in Resources */ = {isa = PBXBuildFile; fileRef = 038A6CCA1B53920E004A0034 /* pacman.png */; };
		038A6CCD1B53992E004A0034 /* foodItem.swift in Sources */ = {isa = PBXBuildFile; fileRef = 038A6CCC1B53992E004A0034 /* foodItem.swift */; };
		038A6CCF1B548237004A0034 /* truck.swift in Sources */ = {isa = PBXBuildFile; fileRef = 038A6CCE1B548237004A0034 /* truck.swift */; };
		038A6CD11B54ABF6004A0034 /* orderController.swift in Sources */ = {isa = PBXBuildFile; fileRef = 038A6CD01B54ABF6004A0034 /* orderController.swift */; };
		038A6CD31B54E2E4004A0034 /* FoodFeedCell.swift in Sources */ = {isa = PBXBuildFile; fileRef = 038A6CD21B54E2E4004A0034 /* FoodFeedCell.swift */; };
		03A04B101B63FF5900D947CF /* UserAPIController.swift in Sources */ = {isa = PBXBuildFile; fileRef = 03A04B0F1B63FF5800D947CF /* UserAPIController.swift */; };
		03A04B121B64008500D947CF /* API.swift in Sources */ = {isa = PBXBuildFile; fileRef = 03A04B111B64008500D947CF /* API.swift */; };
		03BD58691B5DD53900110205 /* SSRadioButton.swift in Sources */ = {isa = PBXBuildFile; fileRef = 03BD58681B5DD53900110205 /* SSRadioButton.swift */; };
		03BD586B1B5DD5EE00110205 /* SSRadioButtonController.swift in Sources */ = {isa = PBXBuildFile; fileRef = 03BD586A1B5DD5EE00110205 /* SSRadioButtonController.swift */; };
		03BD586E1B5F043800110205 /* checked.png in Resources */ = {isa = PBXBuildFile; fileRef = 03BD586C1B5F043800110205 /* checked.png */; };
		03BD586F1B5F043800110205 /* unchecked.png in Resources */ = {isa = PBXBuildFile; fileRef = 03BD586D1B5F043800110205 /* unchecked.png */; };
		03BD58711B5F079C00110205 /* CheckBoxLabel.swift in Sources */ = {isa = PBXBuildFile; fileRef = 03BD58701B5F079C00110205 /* CheckBoxLabel.swift */; };
		03E1D5741B66F890009A55CA /* UserData+CoreDataProperties.swift in Sources */ = {isa = PBXBuildFile; fileRef = 03E1D5721B66F890009A55CA /* UserData+CoreDataProperties.swift */; };
		03E1D5751B66F890009A55CA /* UserData.swift in Sources */ = {isa = PBXBuildFile; fileRef = 03E1D5731B66F890009A55CA /* UserData.swift */; };
		03E52F671B71711300B60826 /* urlsession.swift in Sources */ = {isa = PBXBuildFile; fileRef = 03E52F661B71711300B60826 /* urlsession.swift */; };
		03E52F691B71CE1900B60826 /* UserViewController.swift in Sources */ = {isa = PBXBuildFile; fileRef = 03E52F681B71CE1800B60826 /* UserViewController.swift */; };
		03EAE4AE1B689A250004E81E /* NSDateExtension.swift in Sources */ = {isa = PBXBuildFile; fileRef = 03EAE4AD1B689A250004E81E /* NSDateExtension.swift */; };
		03EAE4B01B689E630004E81E /* OrderAPIController.swift in Sources */ = {isa = PBXBuildFile; fileRef = 03EAE4AF1B689E630004E81E /* OrderAPIController.swift */; };
		03EAE4B21B69B2FF0004E81E /* OrderRadioOption.swift in Sources */ = {isa = PBXBuildFile; fileRef = 03EAE4B11B69B2FF0004E81E /* OrderRadioOption.swift */; };
		03EAE4B41B69B6BE0004E81E /* OrderToggleOption.swift in Sources */ = {isa = PBXBuildFile; fileRef = 03EAE4B31B69B6BE0004E81E /* OrderToggleOption.swift */; };
		03EAE4B61B69CDF30004E81E /* OrderRadioController.swift in Sources */ = {isa = PBXBuildFile; fileRef = 03EAE4B51B69CDF30004E81E /* OrderRadioController.swift */; };
		03ED3F081B658089000BAA38 /* chakula.xcdatamodeld in Sources */ = {isa = PBXBuildFile; fileRef = 03ED3F061B658089000BAA38 /* chakula.xcdatamodeld */; };
		03F0F85E1B732EE800D13C54 /* order.swift in Sources */ = {isa = PBXBuildFile; fileRef = 03F0F85D1B732EE800D13C54 /* order.swift */; };
		03F0F8601B7429D100D13C54 /* OrderCompleteController.swift in Sources */ = {isa = PBXBuildFile; fileRef = 03F0F85F1B7429D000D13C54 /* OrderCompleteController.swift */; };
/* End PBXBuildFile section */

/* Begin PBXContainerItemProxy section */
		038A6CB91B521889004A0034 /* PBXContainerItemProxy */ = {
			isa = PBXContainerItemProxy;
			containerPortal = 038A6C9B1B521889004A0034 /* Project object */;
			proxyType = 1;
			remoteGlobalIDString = 038A6CA21B521889004A0034;
			remoteInfo = chakula;
		};
/* End PBXContainerItemProxy section */

/* Begin PBXFileReference section */
		0315D7A81B5CB53500656F85 /* RadioOption.swift */ = {isa = PBXFileReference; fileEncoding = 4; lastKnownFileType = sourcecode.swift; path = RadioOption.swift; sourceTree = "<group>"; };
		038A6CA31B521889004A0034 /* chakula.app */ = {isa = PBXFileReference; explicitFileType = wrapper.application; includeInIndex = 0; path = chakula.app; sourceTree = BUILT_PRODUCTS_DIR; };
		038A6CA71B521889004A0034 /* Info.plist */ = {isa = PBXFileReference; lastKnownFileType = text.plist.xml; path = Info.plist; sourceTree = "<group>"; };
		038A6CA81B521889004A0034 /* AppDelegate.swift */ = {isa = PBXFileReference; lastKnownFileType = sourcecode.swift; path = AppDelegate.swift; sourceTree = "<group>"; };
		038A6CAA1B521889004A0034 /* FoodFeedController.swift */ = {isa = PBXFileReference; lastKnownFileType = sourcecode.swift; path = FoodFeedController.swift; sourceTree = "<group>"; };
		038A6CAD1B521889004A0034 /* Base */ = {isa = PBXFileReference; lastKnownFileType = file.storyboard; name = Base; path = Base.lproj/Main.storyboard; sourceTree = "<group>"; };
		038A6CAF1B521889004A0034 /* Images.xcassets */ = {isa = PBXFileReference; lastKnownFileType = folder.assetcatalog; path = Images.xcassets; sourceTree = "<group>"; };
		038A6CB21B521889004A0034 /* Base */ = {isa = PBXFileReference; lastKnownFileType = file.xib; name = Base; path = Base.lproj/LaunchScreen.xib; sourceTree = "<group>"; };
		038A6CB81B521889004A0034 /* chakulaTests.xctest */ = {isa = PBXFileReference; explicitFileType = wrapper.cfbundle; includeInIndex = 0; path = chakulaTests.xctest; sourceTree = BUILT_PRODUCTS_DIR; };
		038A6CBD1B521889004A0034 /* Info.plist */ = {isa = PBXFileReference; lastKnownFileType = text.plist.xml; path = Info.plist; sourceTree = "<group>"; };
		038A6CBE1B521889004A0034 /* chakulaTests.swift */ = {isa = PBXFileReference; lastKnownFileType = sourcecode.swift; path = chakulaTests.swift; sourceTree = "<group>"; };
		038A6CC81B53571D004A0034 /* FeedAPIController.swift */ = {isa = PBXFileReference; fileEncoding = 4; lastKnownFileType = sourcecode.swift; path = FeedAPIController.swift; sourceTree = "<group>"; };
		038A6CCA1B53920E004A0034 /* pacman.png */ = {isa = PBXFileReference; lastKnownFileType = image.png; path = pacman.png; sourceTree = "<group>"; };
		038A6CCC1B53992E004A0034 /* foodItem.swift */ = {isa = PBXFileReference; fileEncoding = 4; lastKnownFileType = sourcecode.swift; path = foodItem.swift; sourceTree = "<group>"; };
		038A6CCE1B548237004A0034 /* truck.swift */ = {isa = PBXFileReference; fileEncoding = 4; lastKnownFileType = sourcecode.swift; path = truck.swift; sourceTree = "<group>"; };
		038A6CD01B54ABF6004A0034 /* orderController.swift */ = {isa = PBXFileReference; fileEncoding = 4; lastKnownFileType = sourcecode.swift; path = orderController.swift; sourceTree = "<group>"; };
		038A6CD21B54E2E4004A0034 /* FoodFeedCell.swift */ = {isa = PBXFileReference; fileEncoding = 4; lastKnownFileType = sourcecode.swift; path = FoodFeedCell.swift; sourceTree = "<group>"; };
		03A04B0F1B63FF5800D947CF /* UserAPIController.swift */ = {isa = PBXFileReference; fileEncoding = 4; lastKnownFileType = sourcecode.swift; path = UserAPIController.swift; sourceTree = "<group>"; };
		03A04B111B64008500D947CF /* API.swift */ = {isa = PBXFileReference; fileEncoding = 4; lastKnownFileType = sourcecode.swift; path = API.swift; sourceTree = "<group>"; };
		03BD58681B5DD53900110205 /* SSRadioButton.swift */ = {isa = PBXFileReference; fileEncoding = 4; lastKnownFileType = sourcecode.swift; path = SSRadioButton.swift; sourceTree = "<group>"; };
		03BD586A1B5DD5EE00110205 /* SSRadioButtonController.swift */ = {isa = PBXFileReference; fileEncoding = 4; lastKnownFileType = sourcecode.swift; path = SSRadioButtonController.swift; sourceTree = "<group>"; };
		03BD586C1B5F043800110205 /* checked.png */ = {isa = PBXFileReference; lastKnownFileType = image.png; path = checked.png; sourceTree = "<group>"; };
		03BD586D1B5F043800110205 /* unchecked.png */ = {isa = PBXFileReference; lastKnownFileType = image.png; path = unchecked.png; sourceTree = "<group>"; };
		03BD58701B5F079C00110205 /* CheckBoxLabel.swift */ = {isa = PBXFileReference; fileEncoding = 4; lastKnownFileType = sourcecode.swift; path = CheckBoxLabel.swift; sourceTree = "<group>"; };
		03E1D5721B66F890009A55CA /* UserData+CoreDataProperties.swift */ = {isa = PBXFileReference; fileEncoding = 4; lastKnownFileType = sourcecode.swift; path = "UserData+CoreDataProperties.swift"; sourceTree = "<group>"; };
		03E1D5731B66F890009A55CA /* UserData.swift */ = {isa = PBXFileReference; fileEncoding = 4; lastKnownFileType = sourcecode.swift; path = UserData.swift; sourceTree = "<group>"; };
		03E1D5761B6720CE009A55CA /* chakula 2.xcdatamodel */ = {isa = PBXFileReference; lastKnownFileType = wrapper.xcdatamodel; path = "chakula 2.xcdatamodel"; sourceTree = "<group>"; };
		03E52F661B71711300B60826 /* urlsession.swift */ = {isa = PBXFileReference; fileEncoding = 4; lastKnownFileType = sourcecode.swift; path = urlsession.swift; sourceTree = "<group>"; };
		03E52F681B71CE1800B60826 /* UserViewController.swift */ = {isa = PBXFileReference; fileEncoding = 4; lastKnownFileType = sourcecode.swift; path = UserViewController.swift; sourceTree = "<group>"; };
		03EAE4AD1B689A250004E81E /* NSDateExtension.swift */ = {isa = PBXFileReference; fileEncoding = 4; lastKnownFileType = sourcecode.swift; path = NSDateExtension.swift; sourceTree = "<group>"; };
		03EAE4AF1B689E630004E81E /* OrderAPIController.swift */ = {isa = PBXFileReference; fileEncoding = 4; lastKnownFileType = sourcecode.swift; path = OrderAPIController.swift; sourceTree = "<group>"; };
		03EAE4B11B69B2FF0004E81E /* OrderRadioOption.swift */ = {isa = PBXFileReference; fileEncoding = 4; lastKnownFileType = sourcecode.swift; path = OrderRadioOption.swift; sourceTree = "<group>"; };
		03EAE4B31B69B6BE0004E81E /* OrderToggleOption.swift */ = {isa = PBXFileReference; fileEncoding = 4; lastKnownFileType = sourcecode.swift; path = OrderToggleOption.swift; sourceTree = "<group>"; };
		03EAE4B51B69CDF30004E81E /* OrderRadioController.swift */ = {isa = PBXFileReference; fileEncoding = 4; lastKnownFileType = sourcecode.swift; path = OrderRadioController.swift; sourceTree = "<group>"; };
		03ED3F071B658089000BAA38 /* chakula.xcdatamodel */ = {isa = PBXFileReference; lastKnownFileType = wrapper.xcdatamodel; path = chakula.xcdatamodel; sourceTree = "<group>"; };
		03F0F85D1B732EE800D13C54 /* order.swift */ = {isa = PBXFileReference; fileEncoding = 4; lastKnownFileType = sourcecode.swift; path = order.swift; sourceTree = "<group>"; };
		03F0F85F1B7429D000D13C54 /* OrderCompleteController.swift */ = {isa = PBXFileReference; fileEncoding = 4; lastKnownFileType = sourcecode.swift; path = OrderCompleteController.swift; sourceTree = "<group>"; };
/* End PBXFileReference section */

/* Begin PBXFrameworksBuildPhase section */
		038A6CA01B521889004A0034 /* Frameworks */ = {
			isa = PBXFrameworksBuildPhase;
			buildActionMask = 2147483647;
			files = (
			);
			runOnlyForDeploymentPostprocessing = 0;
		};
		038A6CB51B521889004A0034 /* Frameworks */ = {
			isa = PBXFrameworksBuildPhase;
			buildActionMask = 2147483647;
			files = (
			);
			runOnlyForDeploymentPostprocessing = 0;
		};
/* End PBXFrameworksBuildPhase section */

/* Begin PBXGroup section */
		038A6C9A1B521889004A0034 = {
			isa = PBXGroup;
			children = (
				03E1D5721B66F890009A55CA /* UserData+CoreDataProperties.swift */,
				03E1D5731B66F890009A55CA /* UserData.swift */,
				038A6CA51B521889004A0034 /* chakula */,
				038A6CBB1B521889004A0034 /* chakulaTests */,
				038A6CA41B521889004A0034 /* Products */,
			);
			sourceTree = "<group>";
		};
		038A6CA41B521889004A0034 /* Products */ = {
			isa = PBXGroup;
			children = (
				038A6CA31B521889004A0034 /* chakula.app */,
				038A6CB81B521889004A0034 /* chakulaTests.xctest */,
			);
			name = Products;
			sourceTree = "<group>";
		};
		038A6CA51B521889004A0034 /* chakula */ = {
			isa = PBXGroup;
			children = (
				038A6CA81B521889004A0034 /* AppDelegate.swift */,
				038A6CAA1B521889004A0034 /* FoodFeedController.swift */,
				038A6CCC1B53992E004A0034 /* foodItem.swift */,
				0315D7A81B5CB53500656F85 /* RadioOption.swift */,
				038A6CC81B53571D004A0034 /* FeedAPIController.swift */,
				03A04B111B64008500D947CF /* API.swift */,
				038A6CCE1B548237004A0034 /* truck.swift */,
				038A6CD01B54ABF6004A0034 /* orderController.swift */,
				03EAE4B51B69CDF30004E81E /* OrderRadioController.swift */,
				03EAE4B31B69B6BE0004E81E /* OrderToggleOption.swift */,
				03BD58701B5F079C00110205 /* CheckBoxLabel.swift */,
				038A6CAC1B521889004A0034 /* Main.storyboard */,
				03F0F85F1B7429D000D13C54 /* OrderCompleteController.swift */,
				03F0F85D1B732EE800D13C54 /* order.swift */,
				03E52F681B71CE1800B60826 /* UserViewController.swift */,
				03A04B0F1B63FF5800D947CF /* UserAPIController.swift */,
				03E52F661B71711300B60826 /* urlsession.swift */,
				038A6CAF1B521889004A0034 /* Images.xcassets */,
				038A6CB11B521889004A0034 /* LaunchScreen.xib */,
				03ED3F061B658089000BAA38 /* chakula.xcdatamodeld */,
				038A6CA61B521889004A0034 /* Supporting Files */,
				038A6CD21B54E2E4004A0034 /* FoodFeedCell.swift */,
				03BD58681B5DD53900110205 /* SSRadioButton.swift */,
				03EAE4B11B69B2FF0004E81E /* OrderRadioOption.swift */,
				03BD586A1B5DD5EE00110205 /* SSRadioButtonController.swift */,
				03EAE4AD1B689A250004E81E /* NSDateExtension.swift */,
				03EAE4AF1B689E630004E81E /* OrderAPIController.swift */,
			);
			path = chakula;
			sourceTree = "<group>";
		};
		038A6CA61B521889004A0034 /* Supporting Files */ = {
			isa = PBXGroup;
			children = (
				03BD586C1B5F043800110205 /* checked.png */,
				03BD586D1B5F043800110205 /* unchecked.png */,
				038A6CCA1B53920E004A0034 /* pacman.png */,
				038A6CA71B521889004A0034 /* Info.plist */,
			);
			name = "Supporting Files";
			sourceTree = "<group>";
		};
		038A6CBB1B521889004A0034 /* chakulaTests */ = {
			isa = PBXGroup;
			children = (
				038A6CBE1B521889004A0034 /* chakulaTests.swift */,
				038A6CBC1B521889004A0034 /* Supporting Files */,
			);
			path = chakulaTests;
			sourceTree = "<group>";
		};
		038A6CBC1B521889004A0034 /* Supporting Files */ = {
			isa = PBXGroup;
			children = (
				038A6CBD1B521889004A0034 /* Info.plist */,
			);
			name = "Supporting Files";
			sourceTree = "<group>";
		};
/* End PBXGroup section */

/* Begin PBXNativeTarget section */
		038A6CA21B521889004A0034 /* chakula */ = {
			isa = PBXNativeTarget;
			buildConfigurationList = 038A6CC21B521889004A0034 /* Build configuration list for PBXNativeTarget "chakula" */;
			buildPhases = (
				038A6C9F1B521889004A0034 /* Sources */,
				038A6CA01B521889004A0034 /* Frameworks */,
				038A6CA11B521889004A0034 /* Resources */,
			);
			buildRules = (
			);
			dependencies = (
			);
			name = chakula;
			productName = chakula;
			productReference = 038A6CA31B521889004A0034 /* chakula.app */;
			productType = "com.apple.product-type.application";
		};
		038A6CB71B521889004A0034 /* chakulaTests */ = {
			isa = PBXNativeTarget;
			buildConfigurationList = 038A6CC51B521889004A0034 /* Build configuration list for PBXNativeTarget "chakulaTests" */;
			buildPhases = (
				038A6CB41B521889004A0034 /* Sources */,
				038A6CB51B521889004A0034 /* Frameworks */,
				038A6CB61B521889004A0034 /* Resources */,
			);
			buildRules = (
			);
			dependencies = (
				038A6CBA1B521889004A0034 /* PBXTargetDependency */,
			);
			name = chakulaTests;
			productName = chakulaTests;
			productReference = 038A6CB81B521889004A0034 /* chakulaTests.xctest */;
			productType = "com.apple.product-type.bundle.unit-test";
		};
/* End PBXNativeTarget section */

/* Begin PBXProject section */
		038A6C9B1B521889004A0034 /* Project object */ = {
			isa = PBXProject;
			attributes = {
				LastSwiftMigration = 0700;
				LastSwiftUpdateCheck = 0700;
				LastUpgradeCheck = 0700;
				ORGANIZATIONNAME = org.rhye;
				TargetAttributes = {
					038A6CA21B521889004A0034 = {
						CreatedOnToolsVersion = 6.4;
						DevelopmentTeam = UV52Y22TU7;
					};
					038A6CB71B521889004A0034 = {
						CreatedOnToolsVersion = 6.4;
						TestTargetID = 038A6CA21B521889004A0034;
					};
				};
			};
			buildConfigurationList = 038A6C9E1B521889004A0034 /* Build configuration list for PBXProject "chakula" */;
			compatibilityVersion = "Xcode 3.2";
			developmentRegion = English;
			hasScannedForEncodings = 0;
			knownRegions = (
				en,
				Base,
			);
			mainGroup = 038A6C9A1B521889004A0034;
			productRefGroup = 038A6CA41B521889004A0034 /* Products */;
			projectDirPath = "";
			projectRoot = "";
			targets = (
				038A6CA21B521889004A0034 /* chakula */,
				038A6CB71B521889004A0034 /* chakulaTests */,
			);
		};
/* End PBXProject section */

/* Begin PBXResourcesBuildPhase section */
		038A6CA11B521889004A0034 /* Resources */ = {
			isa = PBXResourcesBuildPhase;
			buildActionMask = 2147483647;
			files = (
				03BD586E1B5F043800110205 /* checked.png in Resources */,
				038A6CAE1B521889004A0034 /* Main.storyboard in Resources */,
				038A6CCB1B53920E004A0034 /* pacman.png in Resources */,
				038A6CB31B521889004A0034 /* LaunchScreen.xib in Resources */,
				03BD586F1B5F043800110205 /* unchecked.png in Resources */,
				038A6CB01B521889004A0034 /* Images.xcassets in Resources */,
			);
			runOnlyForDeploymentPostprocessing = 0;
		};
		038A6CB61B521889004A0034 /* Resources */ = {
			isa = PBXResourcesBuildPhase;
			buildActionMask = 2147483647;
			files = (
			);
			runOnlyForDeploymentPostprocessing = 0;
		};
/* End PBXResourcesBuildPhase section */

/* Begin PBXSourcesBuildPhase section */
		038A6C9F1B521889004A0034 /* Sources */ = {
			isa = PBXSourcesBuildPhase;
			buildActionMask = 2147483647;
			files = (
				038A6CAB1B521889004A0034 /* FoodFeedController.swift in Sources */,
				03EAE4B01B689E630004E81E /* OrderAPIController.swift in Sources */,
				038A6CCF1B548237004A0034 /* truck.swift in Sources */,
				03E1D5751B66F890009A55CA /* UserData.swift in Sources */,
				03EAE4B61B69CDF30004E81E /* OrderRadioController.swift in Sources */,
				038A6CD11B54ABF6004A0034 /* orderController.swift in Sources */,
				03EAE4B41B69B6BE0004E81E /* OrderToggleOption.swift in Sources */,
				03BD58711B5F079C00110205 /* CheckBoxLabel.swift in Sources */,
				03E52F671B71711300B60826 /* urlsession.swift in Sources */,
				038A6CCD1B53992E004A0034 /* foodItem.swift in Sources */,
				0315D7A91B5CB53500656F85 /* RadioOption.swift in Sources */,
				03E1D5741B66F890009A55CA /* UserData+CoreDataProperties.swift in Sources */,
				03BD586B1B5DD5EE00110205 /* SSRadioButtonController.swift in Sources */,
				03A04B101B63FF5900D947CF /* UserAPIController.swift in Sources */,
				03A04B121B64008500D947CF /* API.swift in Sources */,
				03EAE4AE1B689A250004E81E /* NSDateExtension.swift in Sources */,
				03BD58691B5DD53900110205 /* SSRadioButton.swift in Sources */,
				038A6CA91B521889004A0034 /* AppDelegate.swift in Sources */,
				03F0F85E1B732EE800D13C54 /* order.swift in Sources */,
				03E52F691B71CE1900B60826 /* UserViewController.swift in Sources */,
				038A6CD31B54E2E4004A0034 /* FoodFeedCell.swift in Sources */,
				038A6CC91B53571E004A0034 /* FeedAPIController.swift in Sources */,
				03EAE4B21B69B2FF0004E81E /* OrderRadioOption.swift in Sources */,
				03ED3F081B658089000BAA38 /* chakula.xcdatamodeld in Sources */,
				03F0F8601B7429D100D13C54 /* OrderCompleteController.swift in Sources */,
			);
			runOnlyForDeploymentPostprocessing = 0;
		};
		038A6CB41B521889004A0034 /* Sources */ = {
			isa = PBXSourcesBuildPhase;
			buildActionMask = 2147483647;
			files = (
				038A6CBF1B521889004A0034 /* chakulaTests.swift in Sources */,
			);
			runOnlyForDeploymentPostprocessing = 0;
		};
/* End PBXSourcesBuildPhase section */

/* Begin PBXTargetDependency section */
		038A6CBA1B521889004A0034 /* PBXTargetDependency */ = {
			isa = PBXTargetDependency;
			target = 038A6CA21B521889004A0034 /* chakula */;
			targetProxy = 038A6CB91B521889004A0034 /* PBXContainerItemProxy */;
		};
/* End PBXTargetDependency section */

/* Begin PBXVariantGroup section */
		038A6CAC1B521889004A0034 /* Main.storyboard */ = {
			isa = PBXVariantGroup;
			children = (
				038A6CAD1B521889004A0034 /* Base */,
			);
			name = Main.storyboard;
			sourceTree = "<group>";
		};
		038A6CB11B521889004A0034 /* LaunchScreen.xib */ = {
			isa = PBXVariantGroup;
			children = (
				038A6CB21B521889004A0034 /* Base */,
			);
			name = LaunchScreen.xib;
			sourceTree = "<group>";
		};
/* End PBXVariantGroup section */

/* Begin XCBuildConfiguration section */
		038A6CC01B521889004A0034 /* Debug */ = {
			isa = XCBuildConfiguration;
			buildSettings = {
				ALWAYS_SEARCH_USER_PATHS = NO;
				CLANG_CXX_LANGUAGE_STANDARD = "gnu++0x";
				CLANG_CXX_LIBRARY = "libc++";
				CLANG_ENABLE_MODULES = YES;
				CLANG_ENABLE_OBJC_ARC = YES;
				CLANG_WARN_BOOL_CONVERSION = YES;
				CLANG_WARN_CONSTANT_CONVERSION = YES;
				CLANG_WARN_DIRECT_OBJC_ISA_USAGE = YES_ERROR;
				CLANG_WARN_EMPTY_BODY = YES;
				CLANG_WARN_ENUM_CONVERSION = YES;
				CLANG_WARN_INT_CONVERSION = YES;
				CLANG_WARN_OBJC_ROOT_CLASS = YES_ERROR;
				CLANG_WARN_UNREACHABLE_CODE = YES;
				CLANG_WARN__DUPLICATE_METHOD_MATCH = YES;
				"CODE_SIGN_IDENTITY[sdk=iphoneos*]" = "iPhone Developer";
				COPY_PHASE_STRIP = NO;
				DEBUG_INFORMATION_FORMAT = "dwarf-with-dsym";
				ENABLE_STRICT_OBJC_MSGSEND = YES;
				ENABLE_TESTABILITY = YES;
				GCC_C_LANGUAGE_STANDARD = gnu99;
				GCC_DYNAMIC_NO_PIC = NO;
				GCC_NO_COMMON_BLOCKS = YES;
				GCC_OPTIMIZATION_LEVEL = 0;
				GCC_PREPROCESSOR_DEFINITIONS = (
					"DEBUG=1",
					"$(inherited)",
				);
				GCC_SYMBOLS_PRIVATE_EXTERN = NO;
				GCC_WARN_64_TO_32_BIT_CONVERSION = YES;
				GCC_WARN_ABOUT_RETURN_TYPE = YES_ERROR;
				GCC_WARN_UNDECLARED_SELECTOR = YES;
				GCC_WARN_UNINITIALIZED_AUTOS = YES_AGGRESSIVE;
				GCC_WARN_UNUSED_FUNCTION = YES;
				GCC_WARN_UNUSED_VARIABLE = YES;
				IPHONEOS_DEPLOYMENT_TARGET = 8.4;
				MTL_ENABLE_DEBUG_INFO = YES;
				ONLY_ACTIVE_ARCH = YES;
				SDKROOT = iphoneos;
				SWIFT_OPTIMIZATION_LEVEL = "-Onone";
				TARGETED_DEVICE_FAMILY = "1,2";
			};
			name = Debug;
		};
		038A6CC11B521889004A0034 /* Release */ = {
			isa = XCBuildConfiguration;
			buildSettings = {
				ALWAYS_SEARCH_USER_PATHS = NO;
				CLANG_CXX_LANGUAGE_STANDARD = "gnu++0x";
				CLANG_CXX_LIBRARY = "libc++";
				CLANG_ENABLE_MODULES = YES;
				CLANG_ENABLE_OBJC_ARC = YES;
				CLANG_WARN_BOOL_CONVERSION = YES;
				CLANG_WARN_CONSTANT_CONVERSION = YES;
				CLANG_WARN_DIRECT_OBJC_ISA_USAGE = YES_ERROR;
				CLANG_WARN_EMPTY_BODY = YES;
				CLANG_WARN_ENUM_CONVERSION = YES;
				CLANG_WARN_INT_CONVERSION = YES;
				CLANG_WARN_OBJC_ROOT_CLASS = YES_ERROR;
				CLANG_WARN_UNREACHABLE_CODE = YES;
				CLANG_WARN__DUPLICATE_METHOD_MATCH = YES;
				"CODE_SIGN_IDENTITY[sdk=iphoneos*]" = "iPhone Developer";
				COPY_PHASE_STRIP = NO;
				DEBUG_INFORMATION_FORMAT = "dwarf-with-dsym";
				ENABLE_NS_ASSERTIONS = NO;
				ENABLE_STRICT_OBJC_MSGSEND = YES;
				GCC_C_LANGUAGE_STANDARD = gnu99;
				GCC_NO_COMMON_BLOCKS = YES;
				GCC_WARN_64_TO_32_BIT_CONVERSION = YES;
				GCC_WARN_ABOUT_RETURN_TYPE = YES_ERROR;
				GCC_WARN_UNDECLARED_SELECTOR = YES;
				GCC_WARN_UNINITIALIZED_AUTOS = YES_AGGRESSIVE;
				GCC_WARN_UNUSED_FUNCTION = YES;
				GCC_WARN_UNUSED_VARIABLE = YES;
				IPHONEOS_DEPLOYMENT_TARGET = 8.4;
				MTL_ENABLE_DEBUG_INFO = NO;
				SDKROOT = iphoneos;
				TARGETED_DEVICE_FAMILY = "1,2";
				VALIDATE_PRODUCT = YES;
			};
			name = Release;
		};
		038A6CC31B521889004A0034 /* Debug */ = {
			isa = XCBuildConfiguration;
			buildSettings = {
				ASSETCATALOG_COMPILER_APPICON_NAME = AppIcon;
				CODE_SIGN_IDENTITY = "iPhone Developer";
				"CODE_SIGN_IDENTITY[sdk=iphoneos*]" = "iPhone Developer";
				INFOPLIST_FILE = chakula/Info.plist;
				IPHONEOS_DEPLOYMENT_TARGET = 7.0;
				LD_RUNPATH_SEARCH_PATHS = "$(inherited) @executable_path/Frameworks";
				PRODUCT_BUNDLE_IDENTIFIER = "corner-kitchen.$(PRODUCT_NAME:rfc1034identifier)";
				PRODUCT_NAME = "$(TARGET_NAME)";
				PROVISIONING_PROFILE = "";
			};
			name = Debug;
		};
		038A6CC41B521889004A0034 /* Release */ = {
			isa = XCBuildConfiguration;
			buildSettings = {
				ASSETCATALOG_COMPILER_APPICON_NAME = AppIcon;
				CODE_SIGN_IDENTITY = "iPhone Developer";
				"CODE_SIGN_IDENTITY[sdk=iphoneos*]" = "iPhone Developer";
				INFOPLIST_FILE = chakula/Info.plist;
				IPHONEOS_DEPLOYMENT_TARGET = 7.0;
				LD_RUNPATH_SEARCH_PATHS = "$(inherited) @executable_path/Frameworks";
				PRODUCT_BUNDLE_IDENTIFIER = "corner-kitchen.$(PRODUCT_NAME:rfc1034identifier)";
				PRODUCT_NAME = "$(TARGET_NAME)";
				PROVISIONING_PROFILE = "";
			};
			name = Release;
		};
		038A6CC61B521889004A0034 /* Debug */ = {
			isa = XCBuildConfiguration;
			buildSettings = {
				BUNDLE_LOADER = "$(TEST_HOST)";
				FRAMEWORK_SEARCH_PATHS = (
					"$(SDKROOT)/Developer/Library/Frameworks",
					"$(inherited)",
				);
				GCC_PREPROCESSOR_DEFINITIONS = (
					"DEBUG=1",
					"$(inherited)",
				);
				INFOPLIST_FILE = chakulaTests/Info.plist;
				LD_RUNPATH_SEARCH_PATHS = "$(inherited) @executable_path/Frameworks @loader_path/Frameworks";
				PRODUCT_BUNDLE_IDENTIFIER = "corner-kitchen.$(PRODUCT_NAME:rfc1034identifier)";
				PRODUCT_NAME = "$(TARGET_NAME)";
				TEST_HOST = "$(BUILT_PRODUCTS_DIR)/chakula.app/chakula";
			};
			name = Debug;
		};
		038A6CC71B521889004A0034 /* Release */ = {
			isa = XCBuildConfiguration;
			buildSettings = {
				BUNDLE_LOADER = "$(TEST_HOST)";
				FRAMEWORK_SEARCH_PATHS = (
					"$(SDKROOT)/Developer/Library/Frameworks",
					"$(inherited)",
				);
				INFOPLIST_FILE = chakulaTests/Info.plist;
				LD_RUNPATH_SEARCH_PATHS = "$(inherited) @executable_path/Frameworks @loader_path/Frameworks";
				PRODUCT_BUNDLE_IDENTIFIER = "corner-kitchen.$(PRODUCT_NAME:rfc1034identifier)";
				PRODUCT_NAME = "$(TARGET_NAME)";
				TEST_HOST = "$(BUILT_PRODUCTS_DIR)/chakula.app/chakula";
			};
			name = Release;
		};
/* End XCBuildConfiguration section */

/* Begin XCConfigurationList section */
		038A6C9E1B521889004A0034 /* Build configuration list for PBXProject "chakula" */ = {
			isa = XCConfigurationList;
			buildConfigurations = (
				038A6CC01B521889004A0034 /* Debug */,
				038A6CC11B521889004A0034 /* Release */,
			);
			defaultConfigurationIsVisible = 0;
			defaultConfigurationName = Release;
		};
		038A6CC21B521889004A0034 /* Build configuration list for PBXNativeTarget "chakula" */ = {
			isa = XCConfigurationList;
			buildConfigurations = (
				038A6CC31B521889004A0034 /* Debug */,
				038A6CC41B521889004A0034 /* Release */,
			);
			defaultConfigurationIsVisible = 0;
			defaultConfigurationName = Release;
		};
		038A6CC51B521889004A0034 /* Build configuration list for PBXNativeTarget "chakulaTests" */ = {
			isa = XCConfigurationList;
			buildConfigurations = (
				038A6CC61B521889004A0034 /* Debug */,
				038A6CC71B521889004A0034 /* Release */,
			);
			defaultConfigurationIsVisible = 0;
			defaultConfigurationName = Release;
		};
/* End XCConfigurationList section */

/* Begin XCVersionGroup section */
		03ED3F061B658089000BAA38 /* chakula.xcdatamodeld */ = {
			isa = XCVersionGroup;
			children = (
				03E1D5761B6720CE009A55CA /* chakula 2.xcdatamodel */,
				03ED3F071B658089000BAA38 /* chakula.xcdatamodel */,
			);
			currentVersion = 03ED3F071B658089000BAA38 /* chakula.xcdatamodel */;
			path = chakula.xcdatamodeld;
			sourceTree = "<group>";
			versionGroupType = wrapper.xcdatamodel;
		};
/* End XCVersionGroup section */
	};
	rootObject = 038A6C9B1B521889004A0034 /* Project object */;
}
